
Microsoft Visual Studio Solution File, Format Version 12.00
# Visual Studio Version 16
VisualStudioVersion = 16.0.30309.148
MinimumVisualStudioVersion = 10.0.40219.1
Project("{FAE04EC0-301F-11D3-BF4B-00C04F79EFBC}") = "Chronos_2", "Chronos_2.csproj", "{9A8F8915-629A-4557-9792-EAA2CD8400C6}"
EndProject
Project("{FAE04EC0-301F-11D3-BF4B-00C04F79EFBC}") = "ConsoleApp1", "..\ConsoleApp1\ConsoleApp1.csproj", "{3FF0D67A-1272-433A-8083-AD4EFB4E1DE0}"
EndProject
Project("{9A19103F-16F7-4668-BE54-9A1E7A4F7556}") = "My_Library", "..\My_Library\My_Library.csproj", "{D445DB1F-526B-49D6-90FF-05925A8919BD}"
EndProject
Project("{FAE04EC0-301F-11D3-BF4B-00C04F79EFBC}") = "ConsoleApp2", "..\ConsoleApp2\ConsoleApp2.csproj", "{83D4EA92-1FCA-4D5A-9891-4E041C47B730}"
EndProject
Global
	GlobalSection(SolutionConfigurationPlatforms) = preSolution
		Debug|Any CPU = Debug|Any CPU
		Release|Any CPU = Release|Any CPU
	EndGlobalSection
	GlobalSection(ProjectConfigurationPlatforms) = postSolution
		{9A8F8915-629A-4557-9792-EAA2CD8400C6}.Debug|Any CPU.ActiveCfg = Debug|Any CPU
		{9A8F8915-629A-4557-9792-EAA2CD8400C6}.Debug|Any CPU.Build.0 = Debug|Any CPU
		{9A8F8915-629A-4557-9792-EAA2CD8400C6}.Debug|Any CPU.Deploy.0 = Debug|Any CPU
		{9A8F8915-629A-4557-9792-EAA2CD8400C6}.Release|Any CPU.ActiveCfg = Release|Any CPU
		{9A8F8915-629A-4557-9792-EAA2CD8400C6}.Release|Any CPU.Build.0 = Release|Any CPU
		{9A8F8915-629A-4557-9792-EAA2CD8400C6}.Release|Any CPU.Deploy.0 = Release|Any CPU
		{3FF0D67A-1272-433A-8083-AD4EFB4E1DE0}.Debug|Any CPU.ActiveCfg = Debug|Any CPU
		{3FF0D67A-1272-433A-8083-AD4EFB4E1DE0}.Debug|Any CPU.Build.0 = Debug|Any CPU
		{3FF0D67A-1272-433A-8083-AD4EFB4E1DE0}.Release|Any CPU.ActiveCfg = Release|Any CPU
		{3FF0D67A-1272-433A-8083-AD4EFB4E1DE0}.Release|Any CPU.Build.0 = Release|Any CPU
		{D445DB1F-526B-49D6-90FF-05925A8919BD}.Debug|Any CPU.ActiveCfg = Debug|Any CPU
		{D445DB1F-526B-49D6-90FF-05925A8919BD}.Debug|Any CPU.Build.0 = Debug|Any CPU
		{D445DB1F-526B-49D6-90FF-05925A8919BD}.Release|Any CPU.ActiveCfg = Release|Any CPU
		{D445DB1F-526B-49D6-90FF-05925A8919BD}.Release|Any CPU.Build.0 = Release|Any CPU
		{83D4EA92-1FCA-4D5A-9891-4E041C47B730}.Debug|Any CPU.ActiveCfg = Debug|Any CPU
		{83D4EA92-1FCA-4D5A-9891-4E041C47B730}.Debug|Any CPU.Build.0 = Debug|Any CPU
		{83D4EA92-1FCA-4D5A-9891-4E041C47B730}.Release|Any CPU.ActiveCfg = Release|Any CPU
		{83D4EA92-1FCA-4D5A-9891-4E041C47B730}.Release|Any CPU.Build.0 = Release|Any CPU
	EndGlobalSection
	GlobalSection(SolutionProperties) = preSolution
		HideSolutionNode = FALSE
	EndGlobalSection
	GlobalSection(ExtensibilityGlobals) = postSolution
		SolutionGuid = {CE08C6F0-5E85-4571-BECB-8FFD90504234}
	EndGlobalSection
EndGlobal
